
Microsoft Visual Studio Solution File, Format Version 12.00
# Visual Studio 15
VisualStudioVersion = 15.0.27004.2008
MinimumVisualStudioVersion = 10.0.40219.1
Project("{FAE04EC0-301F-11D3-BF4B-00C04F79EFBC}") = "ExampleOneExam2", "ExampleOneExam2\ExampleOneExam2.csproj", "{8B562DD1-4553-450F-A9B1-8B72DF5EE102}"
EndProject
Global
	GlobalSection(SolutionConfigurationPlatforms) = preSolution
		Debug|Any CPU = Debug|Any CPU
		Release|Any CPU = Release|Any CPU
	EndGlobalSection
	GlobalSection(ProjectConfigurationPlatforms) = postSolution
		{8B562DD1-4553-450F-A9B1-8B72DF5EE102}.Debug|Any CPU.ActiveCfg = Debug|Any CPU
		{8B562DD1-4553-450F-A9B1-8B72DF5EE102}.Debug|Any CPU.Build.0 = Debug|Any CPU
		{8B562DD1-4553-450F-A9B1-8B72DF5EE102}.Release|Any CPU.ActiveCfg = Release|Any CPU
		{8B562DD1-4553-450F-A9B1-8B72DF5EE102}.Release|Any CPU.Build.0 = Release|Any CPU
	EndGlobalSection
	GlobalSection(SolutionProperties) = preSolution
		HideSolutionNode = FALSE
	EndGlobalSection
	GlobalSection(ExtensibilityGlobals) = postSolution
		SolutionGuid = {76DD19A9-ECD3-4891-8C9E-BBEEDA0EF367}
	EndGlobalSection
EndGlobal
